// !$*UTF8*$!
{
	archiveVersion = 1;
	classes = {
	};
	objectVersion = 46;
	objects = {

/* Begin PBXBuildFile section */
		CE9F90A91F627E52007105C2 /* AppDelegate.swift in Sources */ = {isa = PBXBuildFile; fileRef = CE9F90A81F627E52007105C2 /* AppDelegate.swift */; };
		CE9F90AB1F627E52007105C2 /* ViewController.swift in Sources */ = {isa = PBXBuildFile; fileRef = CE9F90AA1F627E52007105C2 /* ViewController.swift */; };
		CE9F90AE1F627E52007105C2 /* Main.storyboard in Resources */ = {isa = PBXBuildFile; fileRef = CE9F90AC1F627E52007105C2 /* Main.storyboard */; };
		CE9F90B01F627E52007105C2 /* Assets.xcassets in Resources */ = {isa = PBXBuildFile; fileRef = CE9F90AF1F627E52007105C2 /* Assets.xcassets */; };
		CE9F90B31F627E52007105C2 /* LaunchScreen.storyboard in Resources */ = {isa = PBXBuildFile; fileRef = CE9F90B11F627E52007105C2 /* LaunchScreen.storyboard */; };
		CE9F90BE1F627E52007105C2 /* UserDefaultsTests.swift in Sources */ = {isa = PBXBuildFile; fileRef = CE9F90BD1F627E52007105C2 /* UserDefaultsTests.swift */; };
		CE9F90C91F627E52007105C2 /* UserDefaultsUITests.swift in Sources */ = {isa = PBXBuildFile; fileRef = CE9F90C81F627E52007105C2 /* UserDefaultsUITests.swift */; };
		CE9F90D71F627F30007105C2 /* SecondViewController.swift in Sources */ = {isa = PBXBuildFile; fileRef = CE9F90D61F627F30007105C2 /* SecondViewController.swift */; };
		CE9F90DB1F62CD22007105C2 /* NavigationViewController.swift in Sources */ = {isa = PBXBuildFile; fileRef = CE9F90DA1F62CD22007105C2 /* NavigationViewController.swift */; };
/* End PBXBuildFile section */

/* Begin PBXContainerItemProxy section */
		CE9F90BA1F627E52007105C2 /* PBXContainerItemProxy */ = {
			isa = PBXContainerItemProxy;
			containerPortal = CE9F909D1F627E52007105C2 /* Project object */;
			proxyType = 1;
			remoteGlobalIDString = CE9F90A41F627E52007105C2;
			remoteInfo = UserDefaults;
		};
		CE9F90C51F627E52007105C2 /* PBXContainerItemProxy */ = {
			isa = PBXContainerItemProxy;
			containerPortal = CE9F909D1F627E52007105C2 /* Project object */;
			proxyType = 1;
			remoteGlobalIDString = CE9F90A41F627E52007105C2;
			remoteInfo = UserDefaults;
		};
/* End PBXContainerItemProxy section */

/* Begin PBXFileReference section */
		CE9F90A51F627E52007105C2 /* UserDefaults.app */ = {isa = PBXFileReference; explicitFileType = wrapper.application; includeInIndex = 0; path = UserDefaults.app; sourceTree = BUILT_PRODUCTS_DIR; };
		CE9F90A81F627E52007105C2 /* AppDelegate.swift */ = {isa = PBXFileReference; lastKnownFileType = sourcecode.swift; path = AppDelegate.swift; sourceTree = "<group>"; };
		CE9F90AA1F627E52007105C2 /* ViewController.swift */ = {isa = PBXFileReference; lastKnownFileType = sourcecode.swift; path = ViewController.swift; sourceTree = "<group>"; };
		CE9F90AD1F627E52007105C2 /* Base */ = {isa = PBXFileReference; lastKnownFileType = file.storyboard; name = Base; path = Base.lproj/Main.storyboard; sourceTree = "<group>"; };
		CE9F90AF1F627E52007105C2 /* Assets.xcassets */ = {isa = PBXFileReference; lastKnownFileType = folder.assetcatalog; path = Assets.xcassets; sourceTree = "<group>"; };
		CE9F90B21F627E52007105C2 /* Base */ = {isa = PBXFileReference; lastKnownFileType = file.storyboard; name = Base; path = Base.lproj/LaunchScreen.storyboard; sourceTree = "<group>"; };
		CE9F90B41F627E52007105C2 /* Info.plist */ = {isa = PBXFileReference; lastKnownFileType = text.plist.xml; path = Info.plist; sourceTree = "<group>"; };
		CE9F90B91F627E52007105C2 /* UserDefaultsTests.xctest */ = {isa = PBXFileReference; explicitFileType = wrapper.cfbundle; includeInIndex = 0; path = UserDefaultsTests.xctest; sourceTree = BUILT_PRODUCTS_DIR; };
		CE9F90BD1F627E52007105C2 /* UserDefaultsTests.swift */ = {isa = PBXFileReference; lastKnownFileType = sourcecode.swift; path = UserDefaultsTests.swift; sourceTree = "<group>"; };
		CE9F90BF1F627E52007105C2 /* Info.plist */ = {isa = PBXFileReference; lastKnownFileType = text.plist.xml; path = Info.plist; sourceTree = "<group>"; };
		CE9F90C41F627E52007105C2 /* UserDefaultsUITests.xctest */ = {isa = PBXFileReference; explicitFileType = wrapper.cfbundle; includeInIndex = 0; path = UserDefaultsUITests.xctest; sourceTree = BUILT_PRODUCTS_DIR; };
		CE9F90C81F627E52007105C2 /* UserDefaultsUITests.swift */ = {isa = PBXFileReference; lastKnownFileType = sourcecode.swift; path = UserDefaultsUITests.swift; sourceTree = "<group>"; };
		CE9F90CA1F627E52007105C2 /* Info.plist */ = {isa = PBXFileReference; lastKnownFileType = text.plist.xml; path = Info.plist; sourceTree = "<group>"; };
		CE9F90D61F627F30007105C2 /* SecondViewController.swift */ = {isa = PBXFileReference; fileEncoding = 4; lastKnownFileType = sourcecode.swift; path = SecondViewController.swift; sourceTree = "<group>"; };
		CE9F90DA1F62CD22007105C2 /* NavigationViewController.swift */ = {isa = PBXFileReference; fileEncoding = 4; lastKnownFileType = sourcecode.swift; path = NavigationViewController.swift; sourceTree = "<group>"; };
/* End PBXFileReference section */

/* Begin PBXFrameworksBuildPhase section */
		CE9F90A21F627E52007105C2 /* Frameworks */ = {
			isa = PBXFrameworksBuildPhase;
			buildActionMask = 2147483647;
			files = (
			);
			runOnlyForDeploymentPostprocessing = 0;
		};
		CE9F90B61F627E52007105C2 /* Frameworks */ = {
			isa = PBXFrameworksBuildPhase;
			buildActionMask = 2147483647;
			files = (
			);
			runOnlyForDeploymentPostprocessing = 0;
		};
		CE9F90C11F627E52007105C2 /* Frameworks */ = {
			isa = PBXFrameworksBuildPhase;
			buildActionMask = 2147483647;
			files = (
			);
			runOnlyForDeploymentPostprocessing = 0;
		};
/* End PBXFrameworksBuildPhase section */

/* Begin PBXGroup section */
		CE9F909C1F627E52007105C2 = {
			isa = PBXGroup;
			children = (
				CE9F90A71F627E52007105C2 /* UserDefaults */,
				CE9F90BC1F627E52007105C2 /* UserDefaultsTests */,
				CE9F90C71F627E52007105C2 /* UserDefaultsUITests */,
				CE9F90A61F627E52007105C2 /* Products */,
			);
			sourceTree = "<group>";
		};
		CE9F90A61F627E52007105C2 /* Products */ = {
			isa = PBXGroup;
			children = (
				CE9F90A51F627E52007105C2 /* UserDefaults.app */,
				CE9F90B91F627E52007105C2 /* UserDefaultsTests.xctest */,
				CE9F90C41F627E52007105C2 /* UserDefaultsUITests.xctest */,
			);
			name = Products;
			sourceTree = "<group>";
		};
		CE9F90A71F627E52007105C2 /* UserDefaults */ = {
			isa = PBXGroup;
			children = (
				CE9F90A81F627E52007105C2 /* AppDelegate.swift */,
				CE9F90AA1F627E52007105C2 /* ViewController.swift */,
				CE9F90AC1F627E52007105C2 /* Main.storyboard */,
				CE9F90DA1F62CD22007105C2 /* NavigationViewController.swift */,
				CE9F90D61F627F30007105C2 /* SecondViewController.swift */,
				CE9F90AF1F627E52007105C2 /* Assets.xcassets */,
				CE9F90B11F627E52007105C2 /* LaunchScreen.storyboard */,
				CE9F90B41F627E52007105C2 /* Info.plist */,
			);
			path = UserDefaults;
			sourceTree = "<group>";
		};
		CE9F90BC1F627E52007105C2 /* UserDefaultsTests */ = {
			isa = PBXGroup;
			children = (
				CE9F90BD1F627E52007105C2 /* UserDefaultsTests.swift */,
				CE9F90BF1F627E52007105C2 /* Info.plist */,
			);
			path = UserDefaultsTests;
			sourceTree = "<group>";
		};
		CE9F90C71F627E52007105C2 /* UserDefaultsUITests */ = {
			isa = PBXGroup;
			children = (
				CE9F90C81F627E52007105C2 /* UserDefaultsUITests.swift */,
				CE9F90CA1F627E52007105C2 /* Info.plist */,
			);
			path = UserDefaultsUITests;
			sourceTree = "<group>";
		};
/* End PBXGroup section */

/* Begin PBXNativeTarget section */
		CE9F90A41F627E52007105C2 /* UserDefaults */ = {
			isa = PBXNativeTarget;
			buildConfigurationList = CE9F90CD1F627E52007105C2 /* Build configuration list for PBXNativeTarget "UserDefaults" */;
			buildPhases = (
				CE9F90A11F627E52007105C2 /* Sources */,
				CE9F90A21F627E52007105C2 /* Frameworks */,
				CE9F90A31F627E52007105C2 /* Resources */,
			);
			buildRules = (
			);
			dependencies = (
			);
			name = UserDefaults;
			productName = UserDefaults;
			productReference = CE9F90A51F627E52007105C2 /* UserDefaults.app */;
			productType = "com.apple.product-type.application";
		};
		CE9F90B81F627E52007105C2 /* UserDefaultsTests */ = {
			isa = PBXNativeTarget;
			buildConfigurationList = CE9F90D01F627E52007105C2 /* Build configuration list for PBXNativeTarget "UserDefaultsTests" */;
			buildPhases = (
				CE9F90B51F627E52007105C2 /* Sources */,
				CE9F90B61F627E52007105C2 /* Frameworks */,
				CE9F90B71F627E52007105C2 /* Resources */,
			);
			buildRules = (
			);
			dependencies = (
				CE9F90BB1F627E52007105C2 /* PBXTargetDependency */,
			);
			name = UserDefaultsTests;
			productName = UserDefaultsTests;
			productReference = CE9F90B91F627E52007105C2 /* UserDefaultsTests.xctest */;
			productType = "com.apple.product-type.bundle.unit-test";
		};
		CE9F90C31F627E52007105C2 /* UserDefaultsUITests */ = {
			isa = PBXNativeTarget;
			buildConfigurationList = CE9F90D31F627E52007105C2 /* Build configuration list for PBXNativeTarget "UserDefaultsUITests" */;
			buildPhases = (
				CE9F90C01F627E52007105C2 /* Sources */,
				CE9F90C11F627E52007105C2 /* Frameworks */,
				CE9F90C21F627E52007105C2 /* Resources */,
			);
			buildRules = (
			);
			dependencies = (
				CE9F90C61F627E52007105C2 /* PBXTargetDependency */,
			);
			name = UserDefaultsUITests;
			productName = UserDefaultsUITests;
			productReference = CE9F90C41F627E52007105C2 /* UserDefaultsUITests.xctest */;
			productType = "com.apple.product-type.bundle.ui-testing";
		};
/* End PBXNativeTarget section */

/* Begin PBXProject section */
		CE9F909D1F627E52007105C2 /* Project object */ = {
			isa = PBXProject;
			attributes = {
				LastSwiftUpdateCheck = 0830;
				LastUpgradeCheck = 0830;
				ORGANIZATIONNAME = User;
				TargetAttributes = {
					CE9F90A41F627E52007105C2 = {
						CreatedOnToolsVersion = 8.3.3;
						ProvisioningStyle = Automatic;
					};
					CE9F90B81F627E52007105C2 = {
						CreatedOnToolsVersion = 8.3.3;
						ProvisioningStyle = Automatic;
						TestTargetID = CE9F90A41F627E52007105C2;
					};
					CE9F90C31F627E52007105C2 = {
						CreatedOnToolsVersion = 8.3.3;
						ProvisioningStyle = Automatic;
						TestTargetID = CE9F90A41F627E52007105C2;
					};
				};
			};
			buildConfigurationList = CE9F90A01F627E52007105C2 /* Build configuration list for PBXProject "UserDefaults" */;
			compatibilityVersion = "Xcode 3.2";
			developmentRegion = English;
			hasScannedForEncodings = 0;
			knownRegions = (
				en,
				Base,
			);
			mainGroup = CE9F909C1F627E52007105C2;
			productRefGroup = CE9F90A61F627E52007105C2 /* Products */;
			projectDirPath = "";
			projectRoot = "";
			targets = (
				CE9F90A41F627E52007105C2 /* UserDefaults */,
				CE9F90B81F627E52007105C2 /* UserDefaultsTests */,
				CE9F90C31F627E52007105C2 /* UserDefaultsUITests */,
			);
		};
/* End PBXProject section */

/* Begin PBXResourcesBuildPhase section */
		CE9F90A31F627E52007105C2 /* Resources */ = {
			isa = PBXResourcesBuildPhase;
			buildActionMask = 2147483647;
			files = (
				CE9F90B31F627E52007105C2 /* LaunchScreen.storyboard in Resources */,
				CE9F90B01F627E52007105C2 /* Assets.xcassets in Resources */,
				CE9F90AE1F627E52007105C2 /* Main.storyboard in Resources */,
			);
			runOnlyForDeploymentPostprocessing = 0;
		};
		CE9F90B71F627E52007105C2 /* Resources */ = {
			isa = PBXResourcesBuildPhase;
			buildActionMask = 2147483647;
			files = (
			);
			runOnlyForDeploymentPostprocessing = 0;
		};
		CE9F90C21F627E52007105C2 /* Resources */ = {
			isa = PBXResourcesBuildPhase;
			buildActionMask = 2147483647;
			files = (
			);
			runOnlyForDeploymentPostprocessing = 0;
		};
/* End PBXResourcesBuildPhase section */

/* Begin PBXSourcesBuildPhase section */
		CE9F90A11F627E52007105C2 /* Sources */ = {
			isa = PBXSourcesBuildPhase;
			buildActionMask = 2147483647;
			files = (
				CE9F90DB1F62CD22007105C2 /* NavigationViewController.swift in Sources */,
				CE9F90D71F627F30007105C2 /* SecondViewController.swift in Sources */,
				CE9F90AB1F627E52007105C2 /* ViewController.swift in Sources */,
				CE9F90A91F627E52007105C2 /* AppDelegate.swift in Sources */,
			);
			runOnlyForDeploymentPostprocessing = 0;
		};
		CE9F90B51F627E52007105C2 /* Sources */ = {
			isa = PBXSourcesBuildPhase;
			buildActionMask = 2147483647;
			files = (
				CE9F90BE1F627E52007105C2 /* UserDefaultsTests.swift in Sources */,
			);
			runOnlyForDeploymentPostprocessing = 0;
		};
		CE9F90C01F627E52007105C2 /* Sources */ = {
			isa = PBXSourcesBuildPhase;
			buildActionMask = 2147483647;
			files = (
				CE9F90C91F627E52007105C2 /* UserDefaultsUITests.swift in Sources */,
			);
			runOnlyForDeploymentPostprocessing = 0;
		};
/* End PBXSourcesBuildPhase section */

/* Begin PBXTargetDependency section */
		CE9F90BB1F627E52007105C2 /* PBXTargetDependency */ = {
			isa = PBXTargetDependency;
			target = CE9F90A41F627E52007105C2 /* UserDefaults */;
			targetProxy = CE9F90BA1F627E52007105C2 /* PBXContainerItemProxy */;
		};
		CE9F90C61F627E52007105C2 /* PBXTargetDependency */ = {
			isa = PBXTargetDependency;
			target = CE9F90A41F627E52007105C2 /* UserDefaults */;
			targetProxy = CE9F90C51F627E52007105C2 /* PBXContainerItemProxy */;
		};
/* End PBXTargetDependency section */

/* Begin PBXVariantGroup section */
		CE9F90AC1F627E52007105C2 /* Main.storyboard */ = {
			isa = PBXVariantGroup;
			children = (
				CE9F90AD1F627E52007105C2 /* Base */,
			);
			name = Main.storyboard;
			sourceTree = "<group>";
		};
		CE9F90B11F627E52007105C2 /* LaunchScreen.storyboard */ = {
			isa = PBXVariantGroup;
			children = (
				CE9F90B21F627E52007105C2 /* Base */,
			);
			name = LaunchScreen.storyboard;
			sourceTree = "<group>";
		};
/* End PBXVariantGroup section */

/* Begin XCBuildConfiguration section */
		CE9F90CB1F627E52007105C2 /* Debug */ = {
			isa = XCBuildConfiguration;
			buildSettings = {
				ALWAYS_SEARCH_USER_PATHS = NO;
				CLANG_ANALYZER_NONNULL = YES;
				CLANG_ANALYZER_NUMBER_OBJECT_CONVERSION = YES_AGGRESSIVE;
				CLANG_CXX_LANGUAGE_STANDARD = "gnu++0x";
				CLANG_CXX_LIBRARY = "libc++";
				CLANG_ENABLE_MODULES = YES;
				CLANG_ENABLE_OBJC_ARC = YES;
				CLANG_WARN_BOOL_CONVERSION = YES;
				CLANG_WARN_CONSTANT_CONVERSION = YES;
				CLANG_WARN_DIRECT_OBJC_ISA_USAGE = YES_ERROR;
				CLANG_WARN_DOCUMENTATION_COMMENTS = YES;
				CLANG_WARN_EMPTY_BODY = YES;
				CLANG_WARN_ENUM_CONVERSION = YES;
				CLANG_WARN_INFINITE_RECURSION = YES;
				CLANG_WARN_INT_CONVERSION = YES;
				CLANG_WARN_OBJC_ROOT_CLASS = YES_ERROR;
				CLANG_WARN_SUSPICIOUS_MOVE = YES;
				CLANG_WARN_UNREACHABLE_CODE = YES;
				CLANG_WARN__DUPLICATE_METHOD_MATCH = YES;
				"CODE_SIGN_IDENTITY[sdk=iphoneos*]" = "iPhone Developer";
				COPY_PHASE_STRIP = NO;
				DEBUG_INFORMATION_FORMAT = dwarf;
				ENABLE_STRICT_OBJC_MSGSEND = YES;
				ENABLE_TESTABILITY = YES;
				GCC_C_LANGUAGE_STANDARD = gnu99;
				GCC_DYNAMIC_NO_PIC = NO;
				GCC_NO_COMMON_BLOCKS = YES;
				GCC_OPTIMIZATION_LEVEL = 0;
				GCC_PREPROCESSOR_DEFINITIONS = (
					"DEBUG=1",
					"$(inherited)",
				);
				GCC_WARN_64_TO_32_BIT_CONVERSION = YES;
				GCC_WARN_ABOUT_RETURN_TYPE = YES_ERROR;
				GCC_WARN_UNDECLARED_SELECTOR = YES;
				GCC_WARN_UNINITIALIZED_AUTOS = YES_AGGRESSIVE;
				GCC_WARN_UNUSED_FUNCTION = YES;
				GCC_WARN_UNUSED_VARIABLE = YES;
				IPHONEOS_DEPLOYMENT_TARGET = 10.3;
				MTL_ENABLE_DEBUG_INFO = YES;
				ONLY_ACTIVE_ARCH = YES;
				SDKROOT = iphoneos;
				SWIFT_ACTIVE_COMPILATION_CONDITIONS = DEBUG;
				SWIFT_OPTIMIZATION_LEVEL = "-Onone";
				TARGETED_DEVICE_FAMILY = "1,2";
			};
			name = Debug;
		};
		CE9F90CC1F627E52007105C2 /* Release */ = {
			isa = XCBuildConfiguration;
			buildSettings = {
				ALWAYS_SEARCH_USER_PATHS = NO;
				CLANG_ANALYZER_NONNULL = YES;
				CLANG_ANALYZER_NUMBER_OBJECT_CONVERSION = YES_AGGRESSIVE;
				CLANG_CXX_LANGUAGE_STANDARD = "gnu++0x";
				CLANG_CXX_LIBRARY = "libc++";
				CLANG_ENABLE_MODULES = YES;
				CLANG_ENABLE_OBJC_ARC = YES;
				CLANG_WARN_BOOL_CONVERSION = YES;
				CLANG_WARN_CONSTANT_CONVERSION = YES;
				CLANG_WARN_DIRECT_OBJC_ISA_USAGE = YES_ERROR;
				CLANG_WARN_DOCUMENTATION_COMMENTS = YES;
				CLANG_WARN_EMPTY_BODY = YES;
				CLANG_WARN_ENUM_CONVERSION = YES;
				CLANG_WARN_INFINITE_RECURSION = YES;
				CLANG_WARN_INT_CONVERSION = YES;
				CLANG_WARN_OBJC_ROOT_CLASS = YES_ERROR;
				CLANG_WARN_SUSPICIOUS_MOVE = YES;
				CLANG_WARN_UNREACHABLE_CODE = YES;
				CLANG_WARN__DUPLICATE_METHOD_MATCH = YES;
				"CODE_SIGN_IDENTITY[sdk=iphoneos*]" = "iPhone Developer";
				COPY_PHASE_STRIP = NO;
				DEBUG_INFORMATION_FORMAT = "dwarf-with-dsym";
				ENABLE_NS_ASSERTIONS = NO;
				ENABLE_STRICT_OBJC_MSGSEND = YES;
				GCC_C_LANGUAGE_STANDARD = gnu99;
				GCC_NO_COMMON_BLOCKS = YES;
				GCC_WARN_64_TO_32_BIT_CONVERSION = YES;
				GCC_WARN_ABOUT_RETURN_TYPE = YES_ERROR;
				GCC_WARN_UNDECLARED_SELECTOR = YES;
				GCC_WARN_UNINITIALIZED_AUTOS = YES_AGGRESSIVE;
				GCC_WARN_UNUSED_FUNCTION = YES;
				GCC_WARN_UNUSED_VARIABLE = YES;
				IPHONEOS_DEPLOYMENT_TARGET = 10.3;
				MTL_ENABLE_DEBUG_INFO = NO;
				SDKROOT = iphoneos;
				SWIFT_OPTIMIZATION_LEVEL = "-Owholemodule";
				TARGETED_DEVICE_FAMILY = "1,2";
				VALIDATE_PRODUCT = YES;
			};
			name = Release;
		};
		CE9F90CE1F627E52007105C2 /* Debug */ = {
			isa = XCBuildConfiguration;
			buildSettings = {
				ASSETCATALOG_COMPILER_APPICON_NAME = AppIcon;
				INFOPLIST_FILE = UserDefaults/Info.plist;
				LD_RUNPATH_SEARCH_PATHS = "$(inherited) @executable_path/Frameworks";
				PRODUCT_BUNDLE_IDENTIFIER = Vamsi.com.UserDefaults;
				PRODUCT_NAME = "$(TARGET_NAME)";
				SWIFT_VERSION = 3.0;
			};
			name = Debug;
		};
		CE9F90CF1F627E52007105C2 /* Release */ = {
			isa = XCBuildConfiguration;
			buildSettings = {
				ASSETCATALOG_COMPILER_APPICON_NAME = AppIcon;
				INFOPLIST_FILE = UserDefaults/Info.plist;
				LD_RUNPATH_SEARCH_PATHS = "$(inherited) @executable_path/Frameworks";
				PRODUCT_BUNDLE_IDENTIFIER = Vamsi.com.UserDefaults;
				PRODUCT_NAME = "$(TARGET_NAME)";
				SWIFT_VERSION = 3.0;
			};
			name = Release;
		};
		CE9F90D11F627E52007105C2 /* Debug */ = {
			isa = XCBuildConfiguration;
			buildSettings = {
				ALWAYS_EMBED_SWIFT_STANDARD_LIBRARIES = YES;
				BUNDLE_LOADER = "$(TEST_HOST)";
				INFOPLIST_FILE = UserDefaultsTests/Info.plist;
				LD_RUNPATH_SEARCH_PATHS = "$(inherited) @executable_path/Frameworks @loader_path/Frameworks";
				PRODUCT_BUNDLE_IDENTIFIER = Vamsi.com.UserDefaultsTests;
				PRODUCT_NAME = "$(TARGET_NAME)";
				SWIFT_VERSION = 3.0;
				TEST_HOST = "$(BUILT_PRODUCTS_DIR)/UserDefaults.app/UserDefaults";
			};
			name = Debug;
		};
		CE9F90D21F627E52007105C2 /* Release */ = {
			isa = XCBuildConfiguration;
			buildSettings = {
				ALWAYS_EMBED_SWIFT_STANDARD_LIBRARIES = YES;
				BUNDLE_LOADER = "$(TEST_HOST)";
				INFOPLIST_FILE = UserDefaultsTests/Info.plist;
				LD_RUNPATH_SEARCH_PATHS = "$(inherited) @executable_path/Frameworks @loader_path/Frameworks";
				PRODUCT_BUNDLE_IDENTIFIER = Vamsi.com.UserDefaultsTests;
				PRODUCT_NAME = "$(TARGET_NAME)";
				SWIFT_VERSION = 3.0;
				TEST_HOST = "$(BUILT_PRODUCTS_DIR)/UserDefaults.app/UserDefaults";
			};
			name = Release;
		};
		CE9F90D41F627E52007105C2 /* Debug */ = {
			isa = XCBuildConfiguration;
			buildSettings = {
				ALWAYS_EMBED_SWIFT_STANDARD_LIBRARIES = YES;
				INFOPLIST_FILE = UserDefaultsUITests/Info.plist;
				LD_RUNPATH_SEARCH_PATHS = "$(inherited) @executable_path/Frameworks @loader_path/Frameworks";
				PRODUCT_BUNDLE_IDENTIFIER = Vamsi.com.UserDefaultsUITests;
				PRODUCT_NAME = "$(TARGET_NAME)";
				SWIFT_VERSION = 3.0;
				TEST_TARGET_NAME = UserDefaults;
			};
			name = Debug;
		};
		CE9F90D51F627E52007105C2 /* Release */ = {
			isa = XCBuildConfiguration;
			buildSettings = {
				ALWAYS_EMBED_SWIFT_STANDARD_LIBRARIES = YES;
				INFOPLIST_FILE = UserDefaultsUITests/Info.plist;
				LD_RUNPATH_SEARCH_PATHS = "$(inherited) @executable_path/Frameworks @loader_path/Frameworks";
				PRODUCT_BUNDLE_IDENTIFIER = Vamsi.com.UserDefaultsUITests;
				PRODUCT_NAME = "$(TARGET_NAME)";
				SWIFT_VERSION = 3.0;
				TEST_TARGET_NAME = UserDefaults;
			};
			name = Release;
		};
/* End XCBuildConfiguration section */

/* Begin XCConfigurationList section */
		CE9F90A01F627E52007105C2 /* Build configuration list for PBXProject "UserDefaults" */ = {
			isa = XCConfigurationList;
			buildConfigurations = (
				CE9F90CB1F627E52007105C2 /* Debug */,
				CE9F90CC1F627E52007105C2 /* Release */,
			);
			defaultConfigurationIsVisible = 0;
			defaultConfigurationName = Release;
		};
		CE9F90CD1F627E52007105C2 /* Build configuration list for PBXNativeTarget "UserDefaults" */ = {
			isa = XCConfigurationList;
			buildConfigurations = (
				CE9F90CE1F627E52007105C2 /* Debug */,
				CE9F90CF1F627E52007105C2 /* Release */,
			);
			defaultConfigurationIsVisible = 0;
			defaultConfigurationName = Release;
		};
		CE9F90D01F627E52007105C2 /* Build configuration list for PBXNativeTarget "UserDefaultsTests" */ = {
			isa = XCConfigurationList;
			buildConfigurations = (
				CE9F90D11F627E52007105C2 /* Debug */,
				CE9F90D21F627E52007105C2 /* Release */,
			);
			defaultConfigurationIsVisible = 0;
			defaultConfigurationName = Release;
		};
		CE9F90D31F627E52007105C2 /* Build configuration list for PBXNativeTarget "UserDefaultsUITests" */ = {
			isa = XCConfigurationList;
			buildConfigurations = (
				CE9F90D41F627E52007105C2 /* Debug */,
				CE9F90D51F627E52007105C2 /* Release */,
			);
			defaultConfigurationIsVisible = 0;
			defaultConfigurationName = Release;
		};
/* End XCConfigurationList section */
	};
	rootObject = CE9F909D1F627E52007105C2 /* Project object */;
}
